
Microsoft Visual Studio Solution File, Format Version 12.00
# Visual Studio 2013
VisualStudioVersion = 12.0.31101.0
MinimumVisualStudioVersion = 10.0.40219.1
Project("{FAE04EC0-301F-11D3-BF4B-00C04F79EFBC}") = "BitAbridged", "BitAbridged\BitAbridged.csproj", "{1E0CC71D-CAD3-4D95-81BF-6EC8736E74CE}"
EndProject
Global
	GlobalSection(SolutionConfigurationPlatforms) = preSolution
		Debug|Any CPU = Debug|Any CPU
		Release|Any CPU = Release|Any CPU
	EndGlobalSection
	GlobalSection(ProjectConfigurationPlatforms) = postSolution
		{1E0CC71D-CAD3-4D95-81BF-6EC8736E74CE}.Debug|Any CPU.ActiveCfg = Debug|Any CPU
		{1E0CC71D-CAD3-4D95-81BF-6EC8736E74CE}.Debug|Any CPU.Build.0 = Debug|Any CPU
		{1E0CC71D-CAD3-4D95-81BF-6EC8736E74CE}.Release|Any CPU.ActiveCfg = Release|Any CPU
		{1E0CC71D-CAD3-4D95-81BF-6EC8736E74CE}.Release|Any CPU.Build.0 = Release|Any CPU
	EndGlobalSection
	GlobalSection(SolutionProperties) = preSolution
		HideSolutionNode = FALSE
	EndGlobalSection
EndGlobal
