
Microsoft Visual Studio Solution File, Format Version 12.00
# Visual Studio 2013
VisualStudioVersion = 12.0.31101.0
MinimumVisualStudioVersion = 10.0.40219.1
Project("{FAE04EC0-301F-11D3-BF4B-00C04F79EFBC}") = "TaxRules", "TaxRules\TaxRules.csproj", "{F2D8721D-1CB1-439A-A399-2A070E67BEE2}"
EndProject
Project("{FAE04EC0-301F-11D3-BF4B-00C04F79EFBC}") = "TaxRulesTests", "TaxRulesTests\TaxRulesTests.csproj", "{4337D515-04B9-4974-B322-B10692728D2A}"
EndProject
Global
	GlobalSection(SolutionConfigurationPlatforms) = preSolution
		Debug|Any CPU = Debug|Any CPU
		Release|Any CPU = Release|Any CPU
	EndGlobalSection
	GlobalSection(ProjectConfigurationPlatforms) = postSolution
		{F2D8721D-1CB1-439A-A399-2A070E67BEE2}.Debug|Any CPU.ActiveCfg = Debug|Any CPU
		{F2D8721D-1CB1-439A-A399-2A070E67BEE2}.Debug|Any CPU.Build.0 = Debug|Any CPU
		{F2D8721D-1CB1-439A-A399-2A070E67BEE2}.Release|Any CPU.ActiveCfg = Release|Any CPU
		{F2D8721D-1CB1-439A-A399-2A070E67BEE2}.Release|Any CPU.Build.0 = Release|Any CPU
		{4337D515-04B9-4974-B322-B10692728D2A}.Debug|Any CPU.ActiveCfg = Debug|Any CPU
		{4337D515-04B9-4974-B322-B10692728D2A}.Debug|Any CPU.Build.0 = Debug|Any CPU
		{4337D515-04B9-4974-B322-B10692728D2A}.Release|Any CPU.ActiveCfg = Release|Any CPU
		{4337D515-04B9-4974-B322-B10692728D2A}.Release|Any CPU.Build.0 = Release|Any CPU
	EndGlobalSection
	GlobalSection(SolutionProperties) = preSolution
		HideSolutionNode = FALSE
	EndGlobalSection
EndGlobal
